
Microsoft Visual Studio Solution File, Format Version 12.00
Project("{FAE04EC0-301F-11D3-BF4B-00C04F79EFBC}") = "Xerris.SRE.ProductCatalog", "src\Xerris.SRE.ProductCatalog\Xerris.SRE.ProductCatalog.csproj", "{BF890867-C187-43AE-892F-506002C0A9BA}"
EndProject
Global
	GlobalSection(SolutionConfigurationPlatforms) = preSolution
		Debug|Any CPU = Debug|Any CPU
		Release|Any CPU = Release|Any CPU
	EndGlobalSection
	GlobalSection(ProjectConfigurationPlatforms) = postSolution
		{BF890867-C187-43AE-892F-506002C0A9BA}.Debug|Any CPU.ActiveCfg = Debug|Any CPU
		{BF890867-C187-43AE-892F-506002C0A9BA}.Debug|Any CPU.Build.0 = Debug|Any CPU
		{BF890867-C187-43AE-892F-506002C0A9BA}.Release|Any CPU.ActiveCfg = Release|Any CPU
		{BF890867-C187-43AE-892F-506002C0A9BA}.Release|Any CPU.Build.0 = Release|Any CPU
	EndGlobalSection
	GlobalSection(NestedProjects) = preSolution
	EndGlobalSection
EndGlobal
