
Microsoft Visual Studio Solution File, Format Version 12.00
Project("{FAE04EC0-301F-11D3-BF4B-00C04F79EFBC}") = "Xerris.SRE.PricingEngine", "src\Xerris.SRE.PricingEngine\Xerris.SRE.PricingEngine.csproj", "{BF8ACB35-6E86-45C0-BE68-F19CAC5F2699}"
EndProject
Project("{FAE04EC0-301F-11D3-BF4B-00C04F79EFBC}") = "Xerris.SRE.PricingEngine.Tests", "test\Xerris.SRE.PricingEngine.Tests\Xerris.SRE.PricingEngine.Tests.csproj", "{EBFC8042-28E9-45BB-B33E-6C475DBCC5E9}"
EndProject
Global
	GlobalSection(SolutionConfigurationPlatforms) = preSolution
		Debug|Any CPU = Debug|Any CPU
		Release|Any CPU = Release|Any CPU
	EndGlobalSection
	GlobalSection(ProjectConfigurationPlatforms) = postSolution
		{BF8ACB35-6E86-45C0-BE68-F19CAC5F2699}.Debug|Any CPU.ActiveCfg = Debug|Any CPU
		{BF8ACB35-6E86-45C0-BE68-F19CAC5F2699}.Debug|Any CPU.Build.0 = Debug|Any CPU
		{BF8ACB35-6E86-45C0-BE68-F19CAC5F2699}.Release|Any CPU.ActiveCfg = Release|Any CPU
		{BF8ACB35-6E86-45C0-BE68-F19CAC5F2699}.Release|Any CPU.Build.0 = Release|Any CPU
		{EBFC8042-28E9-45BB-B33E-6C475DBCC5E9}.Debug|Any CPU.ActiveCfg = Debug|Any CPU
		{EBFC8042-28E9-45BB-B33E-6C475DBCC5E9}.Debug|Any CPU.Build.0 = Debug|Any CPU
		{EBFC8042-28E9-45BB-B33E-6C475DBCC5E9}.Release|Any CPU.ActiveCfg = Release|Any CPU
		{EBFC8042-28E9-45BB-B33E-6C475DBCC5E9}.Release|Any CPU.Build.0 = Release|Any CPU
	EndGlobalSection
	GlobalSection(NestedProjects) = preSolution
	EndGlobalSection
EndGlobal
